
Microsoft Visual Studio Solution File, Format Version 12.00
# Visual Studio Version 16
VisualStudioVersion = 16.0.30804.86
MinimumVisualStudioVersion = 10.0.40219.1
Project("{FAE04EC0-301F-11D3-BF4B-00C04F79EFBC}") = "URIstudy", "URIstudy\URIstudy.csproj", "{F25F8978-43C3-41D9-A0F0-60F8919CC386}"
EndProject
Global
	GlobalSection(SolutionConfigurationPlatforms) = preSolution
		Debug|Any CPU = Debug|Any CPU
		Release|Any CPU = Release|Any CPU
	EndGlobalSection
	GlobalSection(ProjectConfigurationPlatforms) = postSolution
		{F25F8978-43C3-41D9-A0F0-60F8919CC386}.Debug|Any CPU.ActiveCfg = Debug|Any CPU
		{F25F8978-43C3-41D9-A0F0-60F8919CC386}.Debug|Any CPU.Build.0 = Debug|Any CPU
		{F25F8978-43C3-41D9-A0F0-60F8919CC386}.Release|Any CPU.ActiveCfg = Release|Any CPU
		{F25F8978-43C3-41D9-A0F0-60F8919CC386}.Release|Any CPU.Build.0 = Release|Any CPU
	EndGlobalSection
	GlobalSection(SolutionProperties) = preSolution
		HideSolutionNode = FALSE
	EndGlobalSection
	GlobalSection(ExtensibilityGlobals) = postSolution
		SolutionGuid = {5EA52B9A-329B-42A1-A947-5E9D88B8D943}
	EndGlobalSection
EndGlobal
